
Microsoft Visual Studio Solution File, Format Version 12.00
# Visual Studio Version 16
VisualStudioVersion = 16.0.30204.135
MinimumVisualStudioVersion = 10.0.40219.1
Project("{FAE04EC0-301F-11D3-BF4B-00C04F79EFBC}") = "StoredProcedure", "StoredProcedure.csproj", "{477FC9A4-D119-41B0-910A-24915869F5F7}"
EndProject
Global
	GlobalSection(SolutionConfigurationPlatforms) = preSolution
		Debug|Any CPU = Debug|Any CPU
		Release|Any CPU = Release|Any CPU
	EndGlobalSection
	GlobalSection(ProjectConfigurationPlatforms) = postSolution
		{477FC9A4-D119-41B0-910A-24915869F5F7}.Debug|Any CPU.ActiveCfg = Debug|Any CPU
		{477FC9A4-D119-41B0-910A-24915869F5F7}.Debug|Any CPU.Build.0 = Debug|Any CPU
		{477FC9A4-D119-41B0-910A-24915869F5F7}.Release|Any CPU.ActiveCfg = Release|Any CPU
		{477FC9A4-D119-41B0-910A-24915869F5F7}.Release|Any CPU.Build.0 = Release|Any CPU
	EndGlobalSection
	GlobalSection(SolutionProperties) = preSolution
		HideSolutionNode = FALSE
	EndGlobalSection
	GlobalSection(ExtensibilityGlobals) = postSolution
		SolutionGuid = {9D0FDFF7-E743-4319-A299-1F5618F1A2CD}
	EndGlobalSection
EndGlobal
